
Microsoft Visual Studio Solution File, Format Version 12.00
# Visual Studio Version 17
VisualStudioVersion = 17.0.32112.339
MinimumVisualStudioVersion = 10.0.40219.1
Project("{9A19103F-16F7-4668-BE54-9A1E7A4F7556}") = "MCSharpTest", "MCSharpTest\MCSharpTest.csproj", "{F60F0E1C-BC99-420C-BC28-454B996DC1E1}"
EndProject
Project("{9A19103F-16F7-4668-BE54-9A1E7A4F7556}") = "MCSharp", "MCSharp\MCSharp.csproj", "{380F144F-18E4-47FA-82CC-3F09FC7B5956}"
EndProject
Project("{FAE04EC0-301F-11D3-BF4B-00C04F79EFBC}") = "MCSharp Client Test", "MCSharp Client Test\MCSharp Client Test.csproj", "{7044BAEC-1363-40EA-AB65-259F448F926E}"
EndProject
Global
	GlobalSection(SolutionConfigurationPlatforms) = preSolution
		Debug|Any CPU = Debug|Any CPU
		Release|Any CPU = Release|Any CPU
	EndGlobalSection
	GlobalSection(ProjectConfigurationPlatforms) = postSolution
		{F60F0E1C-BC99-420C-BC28-454B996DC1E1}.Debug|Any CPU.ActiveCfg = Debug|Any CPU
		{F60F0E1C-BC99-420C-BC28-454B996DC1E1}.Debug|Any CPU.Build.0 = Debug|Any CPU
		{F60F0E1C-BC99-420C-BC28-454B996DC1E1}.Release|Any CPU.ActiveCfg = Release|Any CPU
		{F60F0E1C-BC99-420C-BC28-454B996DC1E1}.Release|Any CPU.Build.0 = Release|Any CPU
		{380F144F-18E4-47FA-82CC-3F09FC7B5956}.Debug|Any CPU.ActiveCfg = Debug|Any CPU
		{380F144F-18E4-47FA-82CC-3F09FC7B5956}.Debug|Any CPU.Build.0 = Debug|Any CPU
		{380F144F-18E4-47FA-82CC-3F09FC7B5956}.Release|Any CPU.ActiveCfg = Release|Any CPU
		{380F144F-18E4-47FA-82CC-3F09FC7B5956}.Release|Any CPU.Build.0 = Release|Any CPU
		{7044BAEC-1363-40EA-AB65-259F448F926E}.Debug|Any CPU.ActiveCfg = Debug|Any CPU
		{7044BAEC-1363-40EA-AB65-259F448F926E}.Debug|Any CPU.Build.0 = Debug|Any CPU
		{7044BAEC-1363-40EA-AB65-259F448F926E}.Release|Any CPU.ActiveCfg = Release|Any CPU
		{7044BAEC-1363-40EA-AB65-259F448F926E}.Release|Any CPU.Build.0 = Release|Any CPU
	EndGlobalSection
	GlobalSection(SolutionProperties) = preSolution
		HideSolutionNode = FALSE
	EndGlobalSection
	GlobalSection(ExtensibilityGlobals) = postSolution
		SolutionGuid = {566D448F-856E-463E-8B59-52E7790B6ED6}
	EndGlobalSection
EndGlobal
